
Microsoft Visual Studio Solution File, Format Version 12.00
Project("{FAE04EC0-301F-11D3-BF4B-00C04F79EFBC}") = "DigitalDash", "DigitalDash.csproj", "{3BD822C6-C199-4B66-AF45-488EA122AD6C}"
EndProject
Global
	GlobalSection(SolutionConfigurationPlatforms) = preSolution
		Debug|Any CPU = Debug|Any CPU
		Release|Any CPU = Release|Any CPU
	EndGlobalSection
	GlobalSection(ProjectConfigurationPlatforms) = postSolution
		{3BD822C6-C199-4B66-AF45-488EA122AD6C}.Debug|Any CPU.ActiveCfg = Debug|Any CPU
		{3BD822C6-C199-4B66-AF45-488EA122AD6C}.Debug|Any CPU.Build.0 = Debug|Any CPU
		{3BD822C6-C199-4B66-AF45-488EA122AD6C}.Release|Any CPU.ActiveCfg = Release|Any CPU
		{3BD822C6-C199-4B66-AF45-488EA122AD6C}.Release|Any CPU.Build.0 = Release|Any CPU
	EndGlobalSection
EndGlobal
